
Microsoft Visual Studio Solution File, Format Version 12.00
# Visual Studio Version 16
VisualStudioVersion = 16.0.29409.12
MinimumVisualStudioVersion = 10.0.40219.1
Project("{FAE04EC0-301F-11D3-BF4B-00C04F79EFBC}") = "LibraryFix", "LibraryFix\LibraryFix.csproj", "{503F5284-08E2-4155-B722-402F92A8A9BC}"
EndProject
Global
	GlobalSection(SolutionConfigurationPlatforms) = preSolution
		Debug|Any CPU = Debug|Any CPU
		Release|Any CPU = Release|Any CPU
	EndGlobalSection
	GlobalSection(ProjectConfigurationPlatforms) = postSolution
		{503F5284-08E2-4155-B722-402F92A8A9BC}.Debug|Any CPU.ActiveCfg = Debug|Any CPU
		{503F5284-08E2-4155-B722-402F92A8A9BC}.Debug|Any CPU.Build.0 = Debug|Any CPU
		{503F5284-08E2-4155-B722-402F92A8A9BC}.Release|Any CPU.ActiveCfg = Release|Any CPU
		{503F5284-08E2-4155-B722-402F92A8A9BC}.Release|Any CPU.Build.0 = Release|Any CPU
	EndGlobalSection
	GlobalSection(SolutionProperties) = preSolution
		HideSolutionNode = FALSE
	EndGlobalSection
	GlobalSection(ExtensibilityGlobals) = postSolution
		SolutionGuid = {03E5007D-5BFF-40C6-AE6D-B7AAA5C7F14F}
	EndGlobalSection
EndGlobal
