
Microsoft Visual Studio Solution File, Format Version 12.00
# Visual Studio Version 16
VisualStudioVersion = 16.0.29409.12
MinimumVisualStudioVersion = 10.0.40219.1
Project("{FAE04EC0-301F-11D3-BF4B-00C04F79EFBC}") = "10var", "10var\10var.csproj", "{5E78305C-F191-4F15-860A-22F9138960F6}"
EndProject
Global
	GlobalSection(SolutionConfigurationPlatforms) = preSolution
		Debug|Any CPU = Debug|Any CPU
		Release|Any CPU = Release|Any CPU
	EndGlobalSection
	GlobalSection(ProjectConfigurationPlatforms) = postSolution
		{5E78305C-F191-4F15-860A-22F9138960F6}.Debug|Any CPU.ActiveCfg = Debug|Any CPU
		{5E78305C-F191-4F15-860A-22F9138960F6}.Debug|Any CPU.Build.0 = Debug|Any CPU
		{5E78305C-F191-4F15-860A-22F9138960F6}.Release|Any CPU.ActiveCfg = Release|Any CPU
		{5E78305C-F191-4F15-860A-22F9138960F6}.Release|Any CPU.Build.0 = Release|Any CPU
	EndGlobalSection
	GlobalSection(SolutionProperties) = preSolution
		HideSolutionNode = FALSE
	EndGlobalSection
	GlobalSection(ExtensibilityGlobals) = postSolution
		SolutionGuid = {27C5862E-7AE7-4A29-A2B2-D64DF0F3DE04}
	EndGlobalSection
EndGlobal
