
Microsoft Visual Studio Solution File, Format Version 12.00
# Visual Studio Version 16
VisualStudioVersion = 16.0.29409.12
MinimumVisualStudioVersion = 10.0.40219.1
Project("{FAE04EC0-301F-11D3-BF4B-00C04F79EFBC}") = "kryds", "kryds\kryds.csproj", "{04B96C9E-B6F5-4541-9AF2-181A64096288}"
EndProject
Global
	GlobalSection(SolutionConfigurationPlatforms) = preSolution
		Debug|Any CPU = Debug|Any CPU
		Release|Any CPU = Release|Any CPU
	EndGlobalSection
	GlobalSection(ProjectConfigurationPlatforms) = postSolution
		{04B96C9E-B6F5-4541-9AF2-181A64096288}.Debug|Any CPU.ActiveCfg = Debug|Any CPU
		{04B96C9E-B6F5-4541-9AF2-181A64096288}.Debug|Any CPU.Build.0 = Debug|Any CPU
		{04B96C9E-B6F5-4541-9AF2-181A64096288}.Release|Any CPU.ActiveCfg = Release|Any CPU
		{04B96C9E-B6F5-4541-9AF2-181A64096288}.Release|Any CPU.Build.0 = Release|Any CPU
	EndGlobalSection
	GlobalSection(SolutionProperties) = preSolution
		HideSolutionNode = FALSE
	EndGlobalSection
	GlobalSection(ExtensibilityGlobals) = postSolution
		SolutionGuid = {FF6EE70E-7500-48D4-A643-5EAF59F2D026}
	EndGlobalSection
EndGlobal
